
Microsoft Visual Studio Solution File, Format Version 12.00
Project("{FAE04EC0-301F-11D3-BF4B-00C04F79EFBC}") = "Calculator", "Calculator\Calculator.csproj", "{77B80100-BB42-4469-885D-5A4ABE735745}"
EndProject
Project("{FAE04EC0-301F-11D3-BF4B-00C04F79EFBC}") = "Calculator.Tests", "Calculator.Tests\Calculator.Tests.csproj", "{36E72FD7-E022-446F-B1E5-4B120ADD2F7A}"
EndProject
Global
	GlobalSection(SolutionConfigurationPlatforms) = preSolution
		Debug|Any CPU = Debug|Any CPU
		Release|Any CPU = Release|Any CPU
	EndGlobalSection
	GlobalSection(ProjectConfigurationPlatforms) = postSolution
		{77B80100-BB42-4469-885D-5A4ABE735745}.Debug|Any CPU.ActiveCfg = Debug|Any CPU
		{77B80100-BB42-4469-885D-5A4ABE735745}.Debug|Any CPU.Build.0 = Debug|Any CPU
		{77B80100-BB42-4469-885D-5A4ABE735745}.Release|Any CPU.ActiveCfg = Release|Any CPU
		{77B80100-BB42-4469-885D-5A4ABE735745}.Release|Any CPU.Build.0 = Release|Any CPU
		{36E72FD7-E022-446F-B1E5-4B120ADD2F7A}.Debug|Any CPU.ActiveCfg = Debug|Any CPU
		{36E72FD7-E022-446F-B1E5-4B120ADD2F7A}.Debug|Any CPU.Build.0 = Debug|Any CPU
		{36E72FD7-E022-446F-B1E5-4B120ADD2F7A}.Release|Any CPU.ActiveCfg = Release|Any CPU
		{36E72FD7-E022-446F-B1E5-4B120ADD2F7A}.Release|Any CPU.Build.0 = Release|Any CPU
	EndGlobalSection
EndGlobal
